// !$*UTF8*$!
{
	archiveVersion = 1;
	classes = {
	};
	objectVersion = 56;
	objects = {

/* Begin PBXBuildFile section */
		5191D5A42A5D235F00ADE90A /* PlatzyChallengeApp.swift in Sources */ = {isa = PBXBuildFile; fileRef = 5191D5A32A5D235F00ADE90A /* PlatzyChallengeApp.swift */; };
		5191D5A62A5D235F00ADE90A /* MainView.swift in Sources */ = {isa = PBXBuildFile; fileRef = 5191D5A52A5D235F00ADE90A /* MainView.swift */; };
		5191D5A82A5D235F00ADE90A /* Assets.xcassets in Resources */ = {isa = PBXBuildFile; fileRef = 5191D5A72A5D235F00ADE90A /* Assets.xcassets */; };
		5191D5AB2A5D235F00ADE90A /* Preview Assets.xcassets in Resources */ = {isa = PBXBuildFile; fileRef = 5191D5AA2A5D235F00ADE90A /* Preview Assets.xcassets */; };
		5191D5AD2A5D235F00ADE90A /* Persistence.swift in Sources */ = {isa = PBXBuildFile; fileRef = 5191D5AC2A5D235F00ADE90A /* Persistence.swift */; };
		5191D5B02A5D235F00ADE90A /* PlatzyChallenge.xcdatamodeld in Sources */ = {isa = PBXBuildFile; fileRef = 5191D5AE2A5D235F00ADE90A /* PlatzyChallenge.xcdatamodeld */; };
		5191D5BA2A5D235F00ADE90A /* PlatzyChallengeTests.swift in Sources */ = {isa = PBXBuildFile; fileRef = 5191D5B92A5D235F00ADE90A /* PlatzyChallengeTests.swift */; };
		5191D5C42A5D236000ADE90A /* PlatzyChallengeUITests.swift in Sources */ = {isa = PBXBuildFile; fileRef = 5191D5C32A5D236000ADE90A /* PlatzyChallengeUITests.swift */; };
		5191D5C62A5D236000ADE90A /* PlatzyChallengeUITestsLaunchTests.swift in Sources */ = {isa = PBXBuildFile; fileRef = 5191D5C52A5D236000ADE90A /* PlatzyChallengeUITestsLaunchTests.swift */; };
		5191D5D72A5D3DB400ADE90A /* MainViewModel.swift in Sources */ = {isa = PBXBuildFile; fileRef = 5191D5D62A5D3DB400ADE90A /* MainViewModel.swift */; };
		5191D5D92A5D3DF500ADE90A /* BookModel.swift in Sources */ = {isa = PBXBuildFile; fileRef = 5191D5D82A5D3DF500ADE90A /* BookModel.swift */; };
		5191D5DB2A5D3E9100ADE90A /* ToastView.swift in Sources */ = {isa = PBXBuildFile; fileRef = 5191D5DA2A5D3E9100ADE90A /* ToastView.swift */; };
		5191D5DD2A5D3EDF00ADE90A /* NetworkLayer.swift in Sources */ = {isa = PBXBuildFile; fileRef = 5191D5DC2A5D3EDF00ADE90A /* NetworkLayer.swift */; };
		5191D5E32A5D3F8000ADE90A /* DetailView.swift in Sources */ = {isa = PBXBuildFile; fileRef = 5191D5E22A5D3F8000ADE90A /* DetailView.swift */; };
		5191D5E52A5D3FCD00ADE90A /* DetailViewModel.swift in Sources */ = {isa = PBXBuildFile; fileRef = 5191D5E42A5D3FCD00ADE90A /* DetailViewModel.swift */; };
		5191D5E72A5D3FFF00ADE90A /* CharacterModel.swift in Sources */ = {isa = PBXBuildFile; fileRef = 5191D5E62A5D3FFF00ADE90A /* CharacterModel.swift */; };
/* End PBXBuildFile section */

/* Begin PBXContainerItemProxy section */
		5191D5B62A5D235F00ADE90A /* PBXContainerItemProxy */ = {
			isa = PBXContainerItemProxy;
			containerPortal = 5191D5982A5D235F00ADE90A /* Project object */;
			proxyType = 1;
			remoteGlobalIDString = 5191D59F2A5D235F00ADE90A;
			remoteInfo = PlatzyChallenge;
		};
		5191D5C02A5D236000ADE90A /* PBXContainerItemProxy */ = {
			isa = PBXContainerItemProxy;
			containerPortal = 5191D5982A5D235F00ADE90A /* Project object */;
			proxyType = 1;
			remoteGlobalIDString = 5191D59F2A5D235F00ADE90A;
			remoteInfo = PlatzyChallenge;
		};
/* End PBXContainerItemProxy section */

/* Begin PBXFileReference section */
		5191D5A02A5D235F00ADE90A /* PlatzyChallenge.app */ = {isa = PBXFileReference; explicitFileType = wrapper.application; includeInIndex = 0; path = PlatzyChallenge.app; sourceTree = BUILT_PRODUCTS_DIR; };
		5191D5A32A5D235F00ADE90A /* PlatzyChallengeApp.swift */ = {isa = PBXFileReference; lastKnownFileType = sourcecode.swift; path = PlatzyChallengeApp.swift; sourceTree = "<group>"; };
		5191D5A52A5D235F00ADE90A /* MainView.swift */ = {isa = PBXFileReference; lastKnownFileType = sourcecode.swift; path = MainView.swift; sourceTree = "<group>"; };
		5191D5A72A5D235F00ADE90A /* Assets.xcassets */ = {isa = PBXFileReference; lastKnownFileType = folder.assetcatalog; path = Assets.xcassets; sourceTree = "<group>"; };
		5191D5AA2A5D235F00ADE90A /* Preview Assets.xcassets */ = {isa = PBXFileReference; lastKnownFileType = folder.assetcatalog; path = "Preview Assets.xcassets"; sourceTree = "<group>"; };
		5191D5AC2A5D235F00ADE90A /* Persistence.swift */ = {isa = PBXFileReference; lastKnownFileType = sourcecode.swift; path = Persistence.swift; sourceTree = "<group>"; };
		5191D5AF2A5D235F00ADE90A /* PlatzyChallenge.xcdatamodel */ = {isa = PBXFileReference; lastKnownFileType = wrapper.xcdatamodel; path = PlatzyChallenge.xcdatamodel; sourceTree = "<group>"; };
		5191D5B52A5D235F00ADE90A /* PlatzyChallengeTests.xctest */ = {isa = PBXFileReference; explicitFileType = wrapper.cfbundle; includeInIndex = 0; path = PlatzyChallengeTests.xctest; sourceTree = BUILT_PRODUCTS_DIR; };
		5191D5B92A5D235F00ADE90A /* PlatzyChallengeTests.swift */ = {isa = PBXFileReference; lastKnownFileType = sourcecode.swift; path = PlatzyChallengeTests.swift; sourceTree = "<group>"; };
		5191D5BF2A5D236000ADE90A /* PlatzyChallengeUITests.xctest */ = {isa = PBXFileReference; explicitFileType = wrapper.cfbundle; includeInIndex = 0; path = PlatzyChallengeUITests.xctest; sourceTree = BUILT_PRODUCTS_DIR; };
		5191D5C32A5D236000ADE90A /* PlatzyChallengeUITests.swift */ = {isa = PBXFileReference; lastKnownFileType = sourcecode.swift; path = PlatzyChallengeUITests.swift; sourceTree = "<group>"; };
		5191D5C52A5D236000ADE90A /* PlatzyChallengeUITestsLaunchTests.swift */ = {isa = PBXFileReference; lastKnownFileType = sourcecode.swift; path = PlatzyChallengeUITestsLaunchTests.swift; sourceTree = "<group>"; };
		5191D5D62A5D3DB400ADE90A /* MainViewModel.swift */ = {isa = PBXFileReference; lastKnownFileType = sourcecode.swift; path = MainViewModel.swift; sourceTree = "<group>"; };
		5191D5D82A5D3DF500ADE90A /* BookModel.swift */ = {isa = PBXFileReference; lastKnownFileType = sourcecode.swift; path = BookModel.swift; sourceTree = "<group>"; };
		5191D5DA2A5D3E9100ADE90A /* ToastView.swift */ = {isa = PBXFileReference; lastKnownFileType = sourcecode.swift; path = ToastView.swift; sourceTree = "<group>"; };
		5191D5DC2A5D3EDF00ADE90A /* NetworkLayer.swift */ = {isa = PBXFileReference; lastKnownFileType = sourcecode.swift; path = NetworkLayer.swift; sourceTree = "<group>"; };
		5191D5E22A5D3F8000ADE90A /* DetailView.swift */ = {isa = PBXFileReference; lastKnownFileType = sourcecode.swift; path = DetailView.swift; sourceTree = "<group>"; };
		5191D5E42A5D3FCD00ADE90A /* DetailViewModel.swift */ = {isa = PBXFileReference; lastKnownFileType = sourcecode.swift; path = DetailViewModel.swift; sourceTree = "<group>"; };
		5191D5E62A5D3FFF00ADE90A /* CharacterModel.swift */ = {isa = PBXFileReference; lastKnownFileType = sourcecode.swift; path = CharacterModel.swift; sourceTree = "<group>"; };
/* End PBXFileReference section */

/* Begin PBXFrameworksBuildPhase section */
		5191D59D2A5D235F00ADE90A /* Frameworks */ = {
			isa = PBXFrameworksBuildPhase;
			buildActionMask = 2147483647;
			files = (
			);
			runOnlyForDeploymentPostprocessing = 0;
		};
		5191D5B22A5D235F00ADE90A /* Frameworks */ = {
			isa = PBXFrameworksBuildPhase;
			buildActionMask = 2147483647;
			files = (
			);
			runOnlyForDeploymentPostprocessing = 0;
		};
		5191D5BC2A5D236000ADE90A /* Frameworks */ = {
			isa = PBXFrameworksBuildPhase;
			buildActionMask = 2147483647;
			files = (
			);
			runOnlyForDeploymentPostprocessing = 0;
		};
/* End PBXFrameworksBuildPhase section */

/* Begin PBXGroup section */
		5191D5972A5D235F00ADE90A = {
			isa = PBXGroup;
			children = (
				5191D5A22A5D235F00ADE90A /* PlatzyChallenge */,
				5191D5B82A5D235F00ADE90A /* PlatzyChallengeTests */,
				5191D5C22A5D236000ADE90A /* PlatzyChallengeUITests */,
				5191D5A12A5D235F00ADE90A /* Products */,
			);
			sourceTree = "<group>";
		};
		5191D5A12A5D235F00ADE90A /* Products */ = {
			isa = PBXGroup;
			children = (
				5191D5A02A5D235F00ADE90A /* PlatzyChallenge.app */,
				5191D5B52A5D235F00ADE90A /* PlatzyChallengeTests.xctest */,
				5191D5BF2A5D236000ADE90A /* PlatzyChallengeUITests.xctest */,
			);
			name = Products;
			sourceTree = "<group>";
		};
		5191D5A22A5D235F00ADE90A /* PlatzyChallenge */ = {
			isa = PBXGroup;
			children = (
				5191D5DE2A5D3F5900ADE90A /* Detail */,
				5191D5D22A5D3D7300ADE90A /* Main */,
				5191D5A32A5D235F00ADE90A /* PlatzyChallengeApp.swift */,
				5191D5A72A5D235F00ADE90A /* Assets.xcassets */,
				5191D5AC2A5D235F00ADE90A /* Persistence.swift */,
				5191D5AE2A5D235F00ADE90A /* PlatzyChallenge.xcdatamodeld */,
				5191D5A92A5D235F00ADE90A /* Preview Content */,
				5191D5DA2A5D3E9100ADE90A /* ToastView.swift */,
			);
			path = PlatzyChallenge;
			sourceTree = "<group>";
		};
		5191D5A92A5D235F00ADE90A /* Preview Content */ = {
			isa = PBXGroup;
			children = (
				5191D5AA2A5D235F00ADE90A /* Preview Assets.xcassets */,
			);
			path = "Preview Content";
			sourceTree = "<group>";
		};
		5191D5B82A5D235F00ADE90A /* PlatzyChallengeTests */ = {
			isa = PBXGroup;
			children = (
				5191D5B92A5D235F00ADE90A /* PlatzyChallengeTests.swift */,
			);
			path = PlatzyChallengeTests;
			sourceTree = "<group>";
		};
		5191D5C22A5D236000ADE90A /* PlatzyChallengeUITests */ = {
			isa = PBXGroup;
			children = (
				5191D5C32A5D236000ADE90A /* PlatzyChallengeUITests.swift */,
				5191D5C52A5D236000ADE90A /* PlatzyChallengeUITestsLaunchTests.swift */,
			);
			path = PlatzyChallengeUITests;
			sourceTree = "<group>";
		};
		5191D5D22A5D3D7300ADE90A /* Main */ = {
			isa = PBXGroup;
			children = (
				5191D5D52A5D3D8D00ADE90A /* Model */,
				5191D5D42A5D3D8200ADE90A /* ViewModel */,
				5191D5D32A5D3D7C00ADE90A /* View */,
				5191D5DC2A5D3EDF00ADE90A /* NetworkLayer.swift */,
			);
			path = Main;
			sourceTree = "<group>";
		};
		5191D5D32A5D3D7C00ADE90A /* View */ = {
			isa = PBXGroup;
			children = (
				5191D5A52A5D235F00ADE90A /* MainView.swift */,
			);
			path = View;
			sourceTree = "<group>";
		};
		5191D5D42A5D3D8200ADE90A /* ViewModel */ = {
			isa = PBXGroup;
			children = (
				5191D5D62A5D3DB400ADE90A /* MainViewModel.swift */,
			);
			path = ViewModel;
			sourceTree = "<group>";
		};
		5191D5D52A5D3D8D00ADE90A /* Model */ = {
			isa = PBXGroup;
			children = (
				5191D5D82A5D3DF500ADE90A /* BookModel.swift */,
			);
			path = Model;
			sourceTree = "<group>";
		};
		5191D5DE2A5D3F5900ADE90A /* Detail */ = {
			isa = PBXGroup;
			children = (
				5191D5E12A5D3F6A00ADE90A /* Model */,
				5191D5E02A5D3F6400ADE90A /* ViewModel */,
				5191D5DF2A5D3F5F00ADE90A /* View */,
			);
			path = Detail;
			sourceTree = "<group>";
		};
		5191D5DF2A5D3F5F00ADE90A /* View */ = {
			isa = PBXGroup;
			children = (
				5191D5E22A5D3F8000ADE90A /* DetailView.swift */,
			);
			path = View;
			sourceTree = "<group>";
		};
		5191D5E02A5D3F6400ADE90A /* ViewModel */ = {
			isa = PBXGroup;
			children = (
				5191D5E42A5D3FCD00ADE90A /* DetailViewModel.swift */,
			);
			path = ViewModel;
			sourceTree = "<group>";
		};
		5191D5E12A5D3F6A00ADE90A /* Model */ = {
			isa = PBXGroup;
			children = (
				5191D5E62A5D3FFF00ADE90A /* CharacterModel.swift */,
			);
			path = Model;
			sourceTree = "<group>";
		};
/* End PBXGroup section */

/* Begin PBXNativeTarget section */
		5191D59F2A5D235F00ADE90A /* PlatzyChallenge */ = {
			isa = PBXNativeTarget;
			buildConfigurationList = 5191D5C92A5D236000ADE90A /* Build configuration list for PBXNativeTarget "PlatzyChallenge" */;
			buildPhases = (
				5191D59C2A5D235F00ADE90A /* Sources */,
				5191D59D2A5D235F00ADE90A /* Frameworks */,
				5191D59E2A5D235F00ADE90A /* Resources */,
			);
			buildRules = (
			);
			dependencies = (
			);
			name = PlatzyChallenge;
			productName = PlatzyChallenge;
			productReference = 5191D5A02A5D235F00ADE90A /* PlatzyChallenge.app */;
			productType = "com.apple.product-type.application";
		};
		5191D5B42A5D235F00ADE90A /* PlatzyChallengeTests */ = {
			isa = PBXNativeTarget;
			buildConfigurationList = 5191D5CC2A5D236000ADE90A /* Build configuration list for PBXNativeTarget "PlatzyChallengeTests" */;
			buildPhases = (
				5191D5B12A5D235F00ADE90A /* Sources */,
				5191D5B22A5D235F00ADE90A /* Frameworks */,
				5191D5B32A5D235F00ADE90A /* Resources */,
			);
			buildRules = (
			);
			dependencies = (
				5191D5B72A5D235F00ADE90A /* PBXTargetDependency */,
			);
			name = PlatzyChallengeTests;
			productName = PlatzyChallengeTests;
			productReference = 5191D5B52A5D235F00ADE90A /* PlatzyChallengeTests.xctest */;
			productType = "com.apple.product-type.bundle.unit-test";
		};
		5191D5BE2A5D236000ADE90A /* PlatzyChallengeUITests */ = {
			isa = PBXNativeTarget;
			buildConfigurationList = 5191D5CF2A5D236000ADE90A /* Build configuration list for PBXNativeTarget "PlatzyChallengeUITests" */;
			buildPhases = (
				5191D5BB2A5D236000ADE90A /* Sources */,
				5191D5BC2A5D236000ADE90A /* Frameworks */,
				5191D5BD2A5D236000ADE90A /* Resources */,
			);
			buildRules = (
			);
			dependencies = (
				5191D5C12A5D236000ADE90A /* PBXTargetDependency */,
			);
			name = PlatzyChallengeUITests;
			productName = PlatzyChallengeUITests;
			productReference = 5191D5BF2A5D236000ADE90A /* PlatzyChallengeUITests.xctest */;
			productType = "com.apple.product-type.bundle.ui-testing";
		};
/* End PBXNativeTarget section */

/* Begin PBXProject section */
		5191D5982A5D235F00ADE90A /* Project object */ = {
			isa = PBXProject;
			attributes = {
				BuildIndependentTargetsInParallel = 1;
				LastSwiftUpdateCheck = 1430;
				LastUpgradeCheck = 1430;
				TargetAttributes = {
					5191D59F2A5D235F00ADE90A = {
						CreatedOnToolsVersion = 14.3.1;
					};
					5191D5B42A5D235F00ADE90A = {
						CreatedOnToolsVersion = 14.3.1;
						TestTargetID = 5191D59F2A5D235F00ADE90A;
					};
					5191D5BE2A5D236000ADE90A = {
						CreatedOnToolsVersion = 14.3.1;
						TestTargetID = 5191D59F2A5D235F00ADE90A;
					};
				};
			};
			buildConfigurationList = 5191D59B2A5D235F00ADE90A /* Build configuration list for PBXProject "PlatzyChallenge" */;
			compatibilityVersion = "Xcode 14.0";
			developmentRegion = en;
			hasScannedForEncodings = 0;
			knownRegions = (
				en,
				Base,
			);
			mainGroup = 5191D5972A5D235F00ADE90A;
			productRefGroup = 5191D5A12A5D235F00ADE90A /* Products */;
			projectDirPath = "";
			projectRoot = "";
			targets = (
				5191D59F2A5D235F00ADE90A /* PlatzyChallenge */,
				5191D5B42A5D235F00ADE90A /* PlatzyChallengeTests */,
				5191D5BE2A5D236000ADE90A /* PlatzyChallengeUITests */,
			);
		};
/* End PBXProject section */

/* Begin PBXResourcesBuildPhase section */
		5191D59E2A5D235F00ADE90A /* Resources */ = {
			isa = PBXResourcesBuildPhase;
			buildActionMask = 2147483647;
			files = (
				5191D5AB2A5D235F00ADE90A /* Preview Assets.xcassets in Resources */,
				5191D5A82A5D235F00ADE90A /* Assets.xcassets in Resources */,
			);
			runOnlyForDeploymentPostprocessing = 0;
		};
		5191D5B32A5D235F00ADE90A /* Resources */ = {
			isa = PBXResourcesBuildPhase;
			buildActionMask = 2147483647;
			files = (
			);
			runOnlyForDeploymentPostprocessing = 0;
		};
		5191D5BD2A5D236000ADE90A /* Resources */ = {
			isa = PBXResourcesBuildPhase;
			buildActionMask = 2147483647;
			files = (
			);
			runOnlyForDeploymentPostprocessing = 0;
		};
/* End PBXResourcesBuildPhase section */

/* Begin PBXSourcesBuildPhase section */
		5191D59C2A5D235F00ADE90A /* Sources */ = {
			isa = PBXSourcesBuildPhase;
			buildActionMask = 2147483647;
			files = (
				5191D5D92A5D3DF500ADE90A /* BookModel.swift in Sources */,
				5191D5E32A5D3F8000ADE90A /* DetailView.swift in Sources */,
				5191D5DB2A5D3E9100ADE90A /* ToastView.swift in Sources */,
				5191D5E52A5D3FCD00ADE90A /* DetailViewModel.swift in Sources */,
				5191D5E72A5D3FFF00ADE90A /* CharacterModel.swift in Sources */,
				5191D5D72A5D3DB400ADE90A /* MainViewModel.swift in Sources */,
				5191D5AD2A5D235F00ADE90A /* Persistence.swift in Sources */,
				5191D5DD2A5D3EDF00ADE90A /* NetworkLayer.swift in Sources */,
				5191D5A62A5D235F00ADE90A /* MainView.swift in Sources */,
				5191D5A42A5D235F00ADE90A /* PlatzyChallengeApp.swift in Sources */,
				5191D5B02A5D235F00ADE90A /* PlatzyChallenge.xcdatamodeld in Sources */,
			);
			runOnlyForDeploymentPostprocessing = 0;
		};
		5191D5B12A5D235F00ADE90A /* Sources */ = {
			isa = PBXSourcesBuildPhase;
			buildActionMask = 2147483647;
			files = (
				5191D5BA2A5D235F00ADE90A /* PlatzyChallengeTests.swift in Sources */,
			);
			runOnlyForDeploymentPostprocessing = 0;
		};
		5191D5BB2A5D236000ADE90A /* Sources */ = {
			isa = PBXSourcesBuildPhase;
			buildActionMask = 2147483647;
			files = (
				5191D5C62A5D236000ADE90A /* PlatzyChallengeUITestsLaunchTests.swift in Sources */,
				5191D5C42A5D236000ADE90A /* PlatzyChallengeUITests.swift in Sources */,
			);
			runOnlyForDeploymentPostprocessing = 0;
		};
/* End PBXSourcesBuildPhase section */

/* Begin PBXTargetDependency section */
		5191D5B72A5D235F00ADE90A /* PBXTargetDependency */ = {
			isa = PBXTargetDependency;
			target = 5191D59F2A5D235F00ADE90A /* PlatzyChallenge */;
			targetProxy = 5191D5B62A5D235F00ADE90A /* PBXContainerItemProxy */;
		};
		5191D5C12A5D236000ADE90A /* PBXTargetDependency */ = {
			isa = PBXTargetDependency;
			target = 5191D59F2A5D235F00ADE90A /* PlatzyChallenge */;
			targetProxy = 5191D5C02A5D236000ADE90A /* PBXContainerItemProxy */;
		};
/* End PBXTargetDependency section */

/* Begin XCBuildConfiguration section */
		5191D5C72A5D236000ADE90A /* Debug */ = {
			isa = XCBuildConfiguration;
			buildSettings = {
				ALWAYS_SEARCH_USER_PATHS = NO;
				CLANG_ANALYZER_NONNULL = YES;
				CLANG_ANALYZER_NUMBER_OBJECT_CONVERSION = YES_AGGRESSIVE;
				CLANG_CXX_LANGUAGE_STANDARD = "gnu++20";
				CLANG_ENABLE_MODULES = YES;
				CLANG_ENABLE_OBJC_ARC = YES;
				CLANG_ENABLE_OBJC_WEAK = YES;
				CLANG_WARN_BLOCK_CAPTURE_AUTORELEASING = YES;
				CLANG_WARN_BOOL_CONVERSION = YES;
				CLANG_WARN_COMMA = YES;
				CLANG_WARN_CONSTANT_CONVERSION = YES;
				CLANG_WARN_DEPRECATED_OBJC_IMPLEMENTATIONS = YES;
				CLANG_WARN_DIRECT_OBJC_ISA_USAGE = YES_ERROR;
				CLANG_WARN_DOCUMENTATION_COMMENTS = YES;
				CLANG_WARN_EMPTY_BODY = YES;
				CLANG_WARN_ENUM_CONVERSION = YES;
				CLANG_WARN_INFINITE_RECURSION = YES;
				CLANG_WARN_INT_CONVERSION = YES;
				CLANG_WARN_NON_LITERAL_NULL_CONVERSION = YES;
				CLANG_WARN_OBJC_IMPLICIT_RETAIN_SELF = YES;
				CLANG_WARN_OBJC_LITERAL_CONVERSION = YES;
				CLANG_WARN_OBJC_ROOT_CLASS = YES_ERROR;
				CLANG_WARN_QUOTED_INCLUDE_IN_FRAMEWORK_HEADER = YES;
				CLANG_WARN_RANGE_LOOP_ANALYSIS = YES;
				CLANG_WARN_STRICT_PROTOTYPES = YES;
				CLANG_WARN_SUSPICIOUS_MOVE = YES;
				CLANG_WARN_UNGUARDED_AVAILABILITY = YES_AGGRESSIVE;
				CLANG_WARN_UNREACHABLE_CODE = YES;
				CLANG_WARN__DUPLICATE_METHOD_MATCH = YES;
				COPY_PHASE_STRIP = NO;
				DEBUG_INFORMATION_FORMAT = dwarf;
				ENABLE_STRICT_OBJC_MSGSEND = YES;
				ENABLE_TESTABILITY = YES;
				GCC_C_LANGUAGE_STANDARD = gnu11;
				GCC_DYNAMIC_NO_PIC = NO;
				GCC_NO_COMMON_BLOCKS = YES;
				GCC_OPTIMIZATION_LEVEL = 0;
				GCC_PREPROCESSOR_DEFINITIONS = (
					"DEBUG=1",
					"$(inherited)",
				);
				GCC_WARN_64_TO_32_BIT_CONVERSION = YES;
				GCC_WARN_ABOUT_RETURN_TYPE = YES_ERROR;
				GCC_WARN_UNDECLARED_SELECTOR = YES;
				GCC_WARN_UNINITIALIZED_AUTOS = YES_AGGRESSIVE;
				GCC_WARN_UNUSED_FUNCTION = YES;
				GCC_WARN_UNUSED_VARIABLE = YES;
				IPHONEOS_DEPLOYMENT_TARGET = 16.4;
				MTL_ENABLE_DEBUG_INFO = INCLUDE_SOURCE;
				MTL_FAST_MATH = YES;
				ONLY_ACTIVE_ARCH = YES;
				SDKROOT = iphoneos;
				SWIFT_ACTIVE_COMPILATION_CONDITIONS = DEBUG;
				SWIFT_OPTIMIZATION_LEVEL = "-Onone";
			};
			name = Debug;
		};
		5191D5C82A5D236000ADE90A /* Release */ = {
			isa = XCBuildConfiguration;
			buildSettings = {
				ALWAYS_SEARCH_USER_PATHS = NO;
				CLANG_ANALYZER_NONNULL = YES;
				CLANG_ANALYZER_NUMBER_OBJECT_CONVERSION = YES_AGGRESSIVE;
				CLANG_CXX_LANGUAGE_STANDARD = "gnu++20";
				CLANG_ENABLE_MODULES = YES;
				CLANG_ENABLE_OBJC_ARC = YES;
				CLANG_ENABLE_OBJC_WEAK = YES;
				CLANG_WARN_BLOCK_CAPTURE_AUTORELEASING = YES;
				CLANG_WARN_BOOL_CONVERSION = YES;
				CLANG_WARN_COMMA = YES;
				CLANG_WARN_CONSTANT_CONVERSION = YES;
				CLANG_WARN_DEPRECATED_OBJC_IMPLEMENTATIONS = YES;
				CLANG_WARN_DIRECT_OBJC_ISA_USAGE = YES_ERROR;
				CLANG_WARN_DOCUMENTATION_COMMENTS = YES;
				CLANG_WARN_EMPTY_BODY = YES;
				CLANG_WARN_ENUM_CONVERSION = YES;
				CLANG_WARN_INFINITE_RECURSION = YES;
				CLANG_WARN_INT_CONVERSION = YES;
				CLANG_WARN_NON_LITERAL_NULL_CONVERSION = YES;
				CLANG_WARN_OBJC_IMPLICIT_RETAIN_SELF = YES;
				CLANG_WARN_OBJC_LITERAL_CONVERSION = YES;
				CLANG_WARN_OBJC_ROOT_CLASS = YES_ERROR;
				CLANG_WARN_QUOTED_INCLUDE_IN_FRAMEWORK_HEADER = YES;
				CLANG_WARN_RANGE_LOOP_ANALYSIS = YES;
				CLANG_WARN_STRICT_PROTOTYPES = YES;
				CLANG_WARN_SUSPICIOUS_MOVE = YES;
				CLANG_WARN_UNGUARDED_AVAILABILITY = YES_AGGRESSIVE;
				CLANG_WARN_UNREACHABLE_CODE = YES;
				CLANG_WARN__DUPLICATE_METHOD_MATCH = YES;
				COPY_PHASE_STRIP = NO;
				DEBUG_INFORMATION_FORMAT = "dwarf-with-dsym";
				ENABLE_NS_ASSERTIONS = NO;
				ENABLE_STRICT_OBJC_MSGSEND = YES;
				GCC_C_LANGUAGE_STANDARD = gnu11;
				GCC_NO_COMMON_BLOCKS = YES;
				GCC_WARN_64_TO_32_BIT_CONVERSION = YES;
				GCC_WARN_ABOUT_RETURN_TYPE = YES_ERROR;
				GCC_WARN_UNDECLARED_SELECTOR = YES;
				GCC_WARN_UNINITIALIZED_AUTOS = YES_AGGRESSIVE;
				GCC_WARN_UNUSED_FUNCTION = YES;
				GCC_WARN_UNUSED_VARIABLE = YES;
				IPHONEOS_DEPLOYMENT_TARGET = 16.4;
				MTL_ENABLE_DEBUG_INFO = NO;
				MTL_FAST_MATH = YES;
				SDKROOT = iphoneos;
				SWIFT_COMPILATION_MODE = wholemodule;
				SWIFT_OPTIMIZATION_LEVEL = "-O";
				VALIDATE_PRODUCT = YES;
			};
			name = Release;
		};
		5191D5CA2A5D236000ADE90A /* Debug */ = {
			isa = XCBuildConfiguration;
			buildSettings = {
				ASSETCATALOG_COMPILER_APPICON_NAME = AppIcon;
				ASSETCATALOG_COMPILER_GLOBAL_ACCENT_COLOR_NAME = AccentColor;
				CODE_SIGN_STYLE = Automatic;
				CURRENT_PROJECT_VERSION = 1;
				DEVELOPMENT_ASSET_PATHS = "\"PlatzyChallenge/Preview Content\"";
				DEVELOPMENT_TEAM = 37NMNQUS2K;
				ENABLE_PREVIEWS = YES;
				GENERATE_INFOPLIST_FILE = YES;
				INFOPLIST_KEY_UIApplicationSceneManifest_Generation = YES;
				INFOPLIST_KEY_UIApplicationSupportsIndirectInputEvents = YES;
				INFOPLIST_KEY_UILaunchScreen_Generation = YES;
				INFOPLIST_KEY_UISupportedInterfaceOrientations_iPad = "UIInterfaceOrientationPortrait UIInterfaceOrientationPortraitUpsideDown UIInterfaceOrientationLandscapeLeft UIInterfaceOrientationLandscapeRight";
				INFOPLIST_KEY_UISupportedInterfaceOrientations_iPhone = "UIInterfaceOrientationPortrait UIInterfaceOrientationLandscapeLeft UIInterfaceOrientationLandscapeRight";
				LD_RUNPATH_SEARCH_PATHS = (
					"$(inherited)",
					"@executable_path/Frameworks",
				);
				MARKETING_VERSION = 1.0;
				PRODUCT_BUNDLE_IDENTIFIER = GearInc.PlatzyChallenge;
				PRODUCT_NAME = "$(TARGET_NAME)";
				SWIFT_EMIT_LOC_STRINGS = YES;
				SWIFT_VERSION = 5.0;
				TARGETED_DEVICE_FAMILY = "1,2";
			};
			name = Debug;
		};
		5191D5CB2A5D236000ADE90A /* Release */ = {
			isa = XCBuildConfiguration;
			buildSettings = {
				ASSETCATALOG_COMPILER_APPICON_NAME = AppIcon;
				ASSETCATALOG_COMPILER_GLOBAL_ACCENT_COLOR_NAME = AccentColor;
				CODE_SIGN_STYLE = Automatic;
				CURRENT_PROJECT_VERSION = 1;
				DEVELOPMENT_ASSET_PATHS = "\"PlatzyChallenge/Preview Content\"";
				DEVELOPMENT_TEAM = 37NMNQUS2K;
				ENABLE_PREVIEWS = YES;
				GENERATE_INFOPLIST_FILE = YES;
				INFOPLIST_KEY_UIApplicationSceneManifest_Generation = YES;
				INFOPLIST_KEY_UIApplicationSupportsIndirectInputEvents = YES;
				INFOPLIST_KEY_UILaunchScreen_Generation = YES;
				INFOPLIST_KEY_UISupportedInterfaceOrientations_iPad = "UIInterfaceOrientationPortrait UIInterfaceOrientationPortraitUpsideDown UIInterfaceOrientationLandscapeLeft UIInterfaceOrientationLandscapeRight";
				INFOPLIST_KEY_UISupportedInterfaceOrientations_iPhone = "UIInterfaceOrientationPortrait UIInterfaceOrientationLandscapeLeft UIInterfaceOrientationLandscapeRight";
				LD_RUNPATH_SEARCH_PATHS = (
					"$(inherited)",
					"@executable_path/Frameworks",
				);
				MARKETING_VERSION = 1.0;
				PRODUCT_BUNDLE_IDENTIFIER = GearInc.PlatzyChallenge;
				PRODUCT_NAME = "$(TARGET_NAME)";
				SWIFT_EMIT_LOC_STRINGS = YES;
				SWIFT_VERSION = 5.0;
				TARGETED_DEVICE_FAMILY = "1,2";
			};
			name = Release;
		};
		5191D5CD2A5D236000ADE90A /* Debug */ = {
			isa = XCBuildConfiguration;
			buildSettings = {
				ALWAYS_EMBED_SWIFT_STANDARD_LIBRARIES = YES;
				BUNDLE_LOADER = "$(TEST_HOST)";
				CODE_SIGN_STYLE = Automatic;
				CURRENT_PROJECT_VERSION = 1;
				DEVELOPMENT_TEAM = 37NMNQUS2K;
				GENERATE_INFOPLIST_FILE = YES;
				IPHONEOS_DEPLOYMENT_TARGET = 16.4;
				MARKETING_VERSION = 1.0;
				PRODUCT_BUNDLE_IDENTIFIER = GearInc.PlatzyChallengeTests;
				PRODUCT_NAME = "$(TARGET_NAME)";
				SWIFT_EMIT_LOC_STRINGS = NO;
				SWIFT_VERSION = 5.0;
				TARGETED_DEVICE_FAMILY = "1,2";
				TEST_HOST = "$(BUILT_PRODUCTS_DIR)/PlatzyChallenge.app/$(BUNDLE_EXECUTABLE_FOLDER_PATH)/PlatzyChallenge";
			};
			name = Debug;
		};
		5191D5CE2A5D236000ADE90A /* Release */ = {
			isa = XCBuildConfiguration;
			buildSettings = {
				ALWAYS_EMBED_SWIFT_STANDARD_LIBRARIES = YES;
				BUNDLE_LOADER = "$(TEST_HOST)";
				CODE_SIGN_STYLE = Automatic;
				CURRENT_PROJECT_VERSION = 1;
				DEVELOPMENT_TEAM = 37NMNQUS2K;
				GENERATE_INFOPLIST_FILE = YES;
				IPHONEOS_DEPLOYMENT_TARGET = 16.4;
				MARKETING_VERSION = 1.0;
				PRODUCT_BUNDLE_IDENTIFIER = GearInc.PlatzyChallengeTests;
				PRODUCT_NAME = "$(TARGET_NAME)";
				SWIFT_EMIT_LOC_STRINGS = NO;
				SWIFT_VERSION = 5.0;
				TARGETED_DEVICE_FAMILY = "1,2";
				TEST_HOST = "$(BUILT_PRODUCTS_DIR)/PlatzyChallenge.app/$(BUNDLE_EXECUTABLE_FOLDER_PATH)/PlatzyChallenge";
			};
			name = Release;
		};
		5191D5D02A5D236000ADE90A /* Debug */ = {
			isa = XCBuildConfiguration;
			buildSettings = {
				ALWAYS_EMBED_SWIFT_STANDARD_LIBRARIES = YES;
				CODE_SIGN_STYLE = Automatic;
				CURRENT_PROJECT_VERSION = 1;
				DEVELOPMENT_TEAM = 37NMNQUS2K;
				GENERATE_INFOPLIST_FILE = YES;
				MARKETING_VERSION = 1.0;
				PRODUCT_BUNDLE_IDENTIFIER = GearInc.PlatzyChallengeUITests;
				PRODUCT_NAME = "$(TARGET_NAME)";
				SWIFT_EMIT_LOC_STRINGS = NO;
				SWIFT_VERSION = 5.0;
				TARGETED_DEVICE_FAMILY = "1,2";
				TEST_TARGET_NAME = PlatzyChallenge;
			};
			name = Debug;
		};
		5191D5D12A5D236000ADE90A /* Release */ = {
			isa = XCBuildConfiguration;
			buildSettings = {
				ALWAYS_EMBED_SWIFT_STANDARD_LIBRARIES = YES;
				CODE_SIGN_STYLE = Automatic;
				CURRENT_PROJECT_VERSION = 1;
				DEVELOPMENT_TEAM = 37NMNQUS2K;
				GENERATE_INFOPLIST_FILE = YES;
				MARKETING_VERSION = 1.0;
				PRODUCT_BUNDLE_IDENTIFIER = GearInc.PlatzyChallengeUITests;
				PRODUCT_NAME = "$(TARGET_NAME)";
				SWIFT_EMIT_LOC_STRINGS = NO;
				SWIFT_VERSION = 5.0;
				TARGETED_DEVICE_FAMILY = "1,2";
				TEST_TARGET_NAME = PlatzyChallenge;
			};
			name = Release;
		};
/* End XCBuildConfiguration section */

/* Begin XCConfigurationList section */
		5191D59B2A5D235F00ADE90A /* Build configuration list for PBXProject "PlatzyChallenge" */ = {
			isa = XCConfigurationList;
			buildConfigurations = (
				5191D5C72A5D236000ADE90A /* Debug */,
				5191D5C82A5D236000ADE90A /* Release */,
			);
			defaultConfigurationIsVisible = 0;
			defaultConfigurationName = Release;
		};
		5191D5C92A5D236000ADE90A /* Build configuration list for PBXNativeTarget "PlatzyChallenge" */ = {
			isa = XCConfigurationList;
			buildConfigurations = (
				5191D5CA2A5D236000ADE90A /* Debug */,
				5191D5CB2A5D236000ADE90A /* Release */,
			);
			defaultConfigurationIsVisible = 0;
			defaultConfigurationName = Release;
		};
		5191D5CC2A5D236000ADE90A /* Build configuration list for PBXNativeTarget "PlatzyChallengeTests" */ = {
			isa = XCConfigurationList;
			buildConfigurations = (
				5191D5CD2A5D236000ADE90A /* Debug */,
				5191D5CE2A5D236000ADE90A /* Release */,
			);
			defaultConfigurationIsVisible = 0;
			defaultConfigurationName = Release;
		};
		5191D5CF2A5D236000ADE90A /* Build configuration list for PBXNativeTarget "PlatzyChallengeUITests" */ = {
			isa = XCConfigurationList;
			buildConfigurations = (
				5191D5D02A5D236000ADE90A /* Debug */,
				5191D5D12A5D236000ADE90A /* Release */,
			);
			defaultConfigurationIsVisible = 0;
			defaultConfigurationName = Release;
		};
/* End XCConfigurationList section */

/* Begin XCVersionGroup section */
		5191D5AE2A5D235F00ADE90A /* PlatzyChallenge.xcdatamodeld */ = {
			isa = XCVersionGroup;
			children = (
				5191D5AF2A5D235F00ADE90A /* PlatzyChallenge.xcdatamodel */,
			);
			currentVersion = 5191D5AF2A5D235F00ADE90A /* PlatzyChallenge.xcdatamodel */;
			path = PlatzyChallenge.xcdatamodeld;
			sourceTree = "<group>";
			versionGroupType = wrapper.xcdatamodel;
		};
/* End XCVersionGroup section */
	};
	rootObject = 5191D5982A5D235F00ADE90A /* Project object */;
}
